// !$*UTF8*$!
{
	archiveVersion = 1;
	classes = {
	};
	objectVersion = 50;
	objects = {

/* Begin PBXBuildFile section */
		EE1728E725C2D9A600298FB6 /* AppDelegate.swift in Sources */ = {isa = PBXBuildFile; fileRef = EE1728E625C2D9A600298FB6 /* AppDelegate.swift */; };
		EE1728E925C2D9A600298FB6 /* SceneDelegate.swift in Sources */ = {isa = PBXBuildFile; fileRef = EE1728E825C2D9A600298FB6 /* SceneDelegate.swift */; };
		EE1728EB25C2D9A600298FB6 /* ViewController.swift in Sources */ = {isa = PBXBuildFile; fileRef = EE1728EA25C2D9A600298FB6 /* ViewController.swift */; };
		EE1728EE25C2D9A600298FB6 /* Main.storyboard in Resources */ = {isa = PBXBuildFile; fileRef = EE1728EC25C2D9A600298FB6 /* Main.storyboard */; };
		EE1728F125C2D9A600298FB6 /* note_mohaliAle_iOS.xcdatamodeld in Sources */ = {isa = PBXBuildFile; fileRef = EE1728EF25C2D9A600298FB6 /* note_mohaliAle_iOS.xcdatamodeld */; };
		EE1728F325C2D9B000298FB6 /* Assets.xcassets in Resources */ = {isa = PBXBuildFile; fileRef = EE1728F225C2D9B000298FB6 /* Assets.xcassets */; };
		EE1728F625C2D9B000298FB6 /* LaunchScreen.storyboard in Resources */ = {isa = PBXBuildFile; fileRef = EE1728F425C2D9B000298FB6 /* LaunchScreen.storyboard */; };
		EE17290125C2D9B100298FB6 /* note_mohaliAle_iOSTests.swift in Sources */ = {isa = PBXBuildFile; fileRef = EE17290025C2D9B100298FB6 /* note_mohaliAle_iOSTests.swift */; };
		EE17290C25C2D9B100298FB6 /* note_mohaliAle_iOSUITests.swift in Sources */ = {isa = PBXBuildFile; fileRef = EE17290B25C2D9B100298FB6 /* note_mohaliAle_iOSUITests.swift */; };
/* End PBXBuildFile section */

/* Begin PBXContainerItemProxy section */
		EE1728FD25C2D9B000298FB6 /* PBXContainerItemProxy */ = {
			isa = PBXContainerItemProxy;
			containerPortal = EE1728DB25C2D9A500298FB6 /* Project object */;
			proxyType = 1;
			remoteGlobalIDString = EE1728E225C2D9A500298FB6;
			remoteInfo = note_mohaliAle_iOS;
		};
		EE17290825C2D9B100298FB6 /* PBXContainerItemProxy */ = {
			isa = PBXContainerItemProxy;
			containerPortal = EE1728DB25C2D9A500298FB6 /* Project object */;
			proxyType = 1;
			remoteGlobalIDString = EE1728E225C2D9A500298FB6;
			remoteInfo = note_mohaliAle_iOS;
		};
/* End PBXContainerItemProxy section */

/* Begin PBXFileReference section */
		EE1728E325C2D9A600298FB6 /* note_mohaliAle_iOS.app */ = {isa = PBXFileReference; explicitFileType = wrapper.application; includeInIndex = 0; path = note_mohaliAle_iOS.app; sourceTree = BUILT_PRODUCTS_DIR; };
		EE1728E625C2D9A600298FB6 /* AppDelegate.swift */ = {isa = PBXFileReference; lastKnownFileType = sourcecode.swift; path = AppDelegate.swift; sourceTree = "<group>"; };
		EE1728E825C2D9A600298FB6 /* SceneDelegate.swift */ = {isa = PBXFileReference; lastKnownFileType = sourcecode.swift; path = SceneDelegate.swift; sourceTree = "<group>"; };
		EE1728EA25C2D9A600298FB6 /* ViewController.swift */ = {isa = PBXFileReference; lastKnownFileType = sourcecode.swift; path = ViewController.swift; sourceTree = "<group>"; };
		EE1728ED25C2D9A600298FB6 /* Base */ = {isa = PBXFileReference; lastKnownFileType = file.storyboard; name = Base; path = Base.lproj/Main.storyboard; sourceTree = "<group>"; };
		EE1728F025C2D9A600298FB6 /* note_mohaliAle_iOS.xcdatamodel */ = {isa = PBXFileReference; lastKnownFileType = wrapper.xcdatamodel; path = note_mohaliAle_iOS.xcdatamodel; sourceTree = "<group>"; };
		EE1728F225C2D9B000298FB6 /* Assets.xcassets */ = {isa = PBXFileReference; lastKnownFileType = folder.assetcatalog; path = Assets.xcassets; sourceTree = "<group>"; };
		EE1728F525C2D9B000298FB6 /* Base */ = {isa = PBXFileReference; lastKnownFileType = file.storyboard; name = Base; path = Base.lproj/LaunchScreen.storyboard; sourceTree = "<group>"; };
		EE1728F725C2D9B000298FB6 /* Info.plist */ = {isa = PBXFileReference; lastKnownFileType = text.plist.xml; path = Info.plist; sourceTree = "<group>"; };
		EE1728FC25C2D9B000298FB6 /* note_mohaliAle_iOSTests.xctest */ = {isa = PBXFileReference; explicitFileType = wrapper.cfbundle; includeInIndex = 0; path = note_mohaliAle_iOSTests.xctest; sourceTree = BUILT_PRODUCTS_DIR; };
		EE17290025C2D9B100298FB6 /* note_mohaliAle_iOSTests.swift */ = {isa = PBXFileReference; lastKnownFileType = sourcecode.swift; path = note_mohaliAle_iOSTests.swift; sourceTree = "<group>"; };
		EE17290225C2D9B100298FB6 /* Info.plist */ = {isa = PBXFileReference; lastKnownFileType = text.plist.xml; path = Info.plist; sourceTree = "<group>"; };
		EE17290725C2D9B100298FB6 /* note_mohaliAle_iOSUITests.xctest */ = {isa = PBXFileReference; explicitFileType = wrapper.cfbundle; includeInIndex = 0; path = note_mohaliAle_iOSUITests.xctest; sourceTree = BUILT_PRODUCTS_DIR; };
		EE17290B25C2D9B100298FB6 /* note_mohaliAle_iOSUITests.swift */ = {isa = PBXFileReference; lastKnownFileType = sourcecode.swift; path = note_mohaliAle_iOSUITests.swift; sourceTree = "<group>"; };
		EE17290D25C2D9B100298FB6 /* Info.plist */ = {isa = PBXFileReference; lastKnownFileType = text.plist.xml; path = Info.plist; sourceTree = "<group>"; };
/* End PBXFileReference section */

/* Begin PBXFrameworksBuildPhase section */
		EE1728E025C2D9A500298FB6 /* Frameworks */ = {
			isa = PBXFrameworksBuildPhase;
			buildActionMask = 2147483647;
			files = (
			);
			runOnlyForDeploymentPostprocessing = 0;
		};
		EE1728F925C2D9B000298FB6 /* Frameworks */ = {
			isa = PBXFrameworksBuildPhase;
			buildActionMask = 2147483647;
			files = (
			);
			runOnlyForDeploymentPostprocessing = 0;
		};
		EE17290425C2D9B100298FB6 /* Frameworks */ = {
			isa = PBXFrameworksBuildPhase;
			buildActionMask = 2147483647;
			files = (
			);
			runOnlyForDeploymentPostprocessing = 0;
		};
/* End PBXFrameworksBuildPhase section */

/* Begin PBXGroup section */
		EE1728DA25C2D9A500298FB6 = {
			isa = PBXGroup;
			children = (
				EE1728E525C2D9A600298FB6 /* note_mohaliAle_iOS */,
				EE1728FF25C2D9B100298FB6 /* note_mohaliAle_iOSTests */,
				EE17290A25C2D9B100298FB6 /* note_mohaliAle_iOSUITests */,
				EE1728E425C2D9A600298FB6 /* Products */,
			);
			sourceTree = "<group>";
		};
		EE1728E425C2D9A600298FB6 /* Products */ = {
			isa = PBXGroup;
			children = (
				EE1728E325C2D9A600298FB6 /* note_mohaliAle_iOS.app */,
				EE1728FC25C2D9B000298FB6 /* note_mohaliAle_iOSTests.xctest */,
				EE17290725C2D9B100298FB6 /* note_mohaliAle_iOSUITests.xctest */,
			);
			name = Products;
			sourceTree = "<group>";
		};
		EE1728E525C2D9A600298FB6 /* note_mohaliAle_iOS */ = {
			isa = PBXGroup;
			children = (
				EE1728E625C2D9A600298FB6 /* AppDelegate.swift */,
				EE1728E825C2D9A600298FB6 /* SceneDelegate.swift */,
				EE1728EA25C2D9A600298FB6 /* ViewController.swift */,
				EE1728EC25C2D9A600298FB6 /* Main.storyboard */,
				EE1728F225C2D9B000298FB6 /* Assets.xcassets */,
				EE1728F425C2D9B000298FB6 /* LaunchScreen.storyboard */,
				EE1728F725C2D9B000298FB6 /* Info.plist */,
				EE1728EF25C2D9A600298FB6 /* note_mohaliAle_iOS.xcdatamodeld */,
			);
			path = note_mohaliAle_iOS;
			sourceTree = "<group>";
		};
		EE1728FF25C2D9B100298FB6 /* note_mohaliAle_iOSTests */ = {
			isa = PBXGroup;
			children = (
				EE17290025C2D9B100298FB6 /* note_mohaliAle_iOSTests.swift */,
				EE17290225C2D9B100298FB6 /* Info.plist */,
			);
			path = note_mohaliAle_iOSTests;
			sourceTree = "<group>";
		};
		EE17290A25C2D9B100298FB6 /* note_mohaliAle_iOSUITests */ = {
			isa = PBXGroup;
			children = (
				EE17290B25C2D9B100298FB6 /* note_mohaliAle_iOSUITests.swift */,
				EE17290D25C2D9B100298FB6 /* Info.plist */,
			);
			path = note_mohaliAle_iOSUITests;
			sourceTree = "<group>";
		};
/* End PBXGroup section */

/* Begin PBXNativeTarget section */
		EE1728E225C2D9A500298FB6 /* note_mohaliAle_iOS */ = {
			isa = PBXNativeTarget;
			buildConfigurationList = EE17291025C2D9B100298FB6 /* Build configuration list for PBXNativeTarget "note_mohaliAle_iOS" */;
			buildPhases = (
				EE1728DF25C2D9A500298FB6 /* Sources */,
				EE1728E025C2D9A500298FB6 /* Frameworks */,
				EE1728E125C2D9A500298FB6 /* Resources */,
			);
			buildRules = (
			);
			dependencies = (
			);
			name = note_mohaliAle_iOS;
			productName = note_mohaliAle_iOS;
			productReference = EE1728E325C2D9A600298FB6 /* note_mohaliAle_iOS.app */;
			productType = "com.apple.product-type.application";
		};
		EE1728FB25C2D9B000298FB6 /* note_mohaliAle_iOSTests */ = {
			isa = PBXNativeTarget;
			buildConfigurationList = EE17291325C2D9B100298FB6 /* Build configuration list for PBXNativeTarget "note_mohaliAle_iOSTests" */;
			buildPhases = (
				EE1728F825C2D9B000298FB6 /* Sources */,
				EE1728F925C2D9B000298FB6 /* Frameworks */,
				EE1728FA25C2D9B000298FB6 /* Resources */,
			);
			buildRules = (
			);
			dependencies = (
				EE1728FE25C2D9B000298FB6 /* PBXTargetDependency */,
			);
			name = note_mohaliAle_iOSTests;
			productName = note_mohaliAle_iOSTests;
			productReference = EE1728FC25C2D9B000298FB6 /* note_mohaliAle_iOSTests.xctest */;
			productType = "com.apple.product-type.bundle.unit-test";
		};
		EE17290625C2D9B100298FB6 /* note_mohaliAle_iOSUITests */ = {
			isa = PBXNativeTarget;
			buildConfigurationList = EE17291625C2D9B100298FB6 /* Build configuration list for PBXNativeTarget "note_mohaliAle_iOSUITests" */;
			buildPhases = (
				EE17290325C2D9B100298FB6 /* Sources */,
				EE17290425C2D9B100298FB6 /* Frameworks */,
				EE17290525C2D9B100298FB6 /* Resources */,
			);
			buildRules = (
			);
			dependencies = (
				EE17290925C2D9B100298FB6 /* PBXTargetDependency */,
			);
			name = note_mohaliAle_iOSUITests;
			productName = note_mohaliAle_iOSUITests;
			productReference = EE17290725C2D9B100298FB6 /* note_mohaliAle_iOSUITests.xctest */;
			productType = "com.apple.product-type.bundle.ui-testing";
		};
/* End PBXNativeTarget section */

/* Begin PBXProject section */
		EE1728DB25C2D9A500298FB6 /* Project object */ = {
			isa = PBXProject;
			attributes = {
				LastSwiftUpdateCheck = 1130;
				LastUpgradeCheck = 1130;
				ORGANIZATIONNAME = "Amarvir Mac";
				TargetAttributes = {
					EE1728E225C2D9A500298FB6 = {
						CreatedOnToolsVersion = 11.3.1;
					};
					EE1728FB25C2D9B000298FB6 = {
						CreatedOnToolsVersion = 11.3.1;
						TestTargetID = EE1728E225C2D9A500298FB6;
					};
					EE17290625C2D9B100298FB6 = {
						CreatedOnToolsVersion = 11.3.1;
						TestTargetID = EE1728E225C2D9A500298FB6;
					};
				};
			};
			buildConfigurationList = EE1728DE25C2D9A500298FB6 /* Build configuration list for PBXProject "note_mohaliAle_iOS" */;
			compatibilityVersion = "Xcode 9.3";
			developmentRegion = en;
			hasScannedForEncodings = 0;
			knownRegions = (
				en,
				Base,
			);
			mainGroup = EE1728DA25C2D9A500298FB6;
			productRefGroup = EE1728E425C2D9A600298FB6 /* Products */;
			projectDirPath = "";
			projectRoot = "";
			targets = (
				EE1728E225C2D9A500298FB6 /* note_mohaliAle_iOS */,
				EE1728FB25C2D9B000298FB6 /* note_mohaliAle_iOSTests */,
				EE17290625C2D9B100298FB6 /* note_mohaliAle_iOSUITests */,
			);
		};
/* End PBXProject section */

/* Begin PBXResourcesBuildPhase section */
		EE1728E125C2D9A500298FB6 /* Resources */ = {
			isa = PBXResourcesBuildPhase;
			buildActionMask = 2147483647;
			files = (
				EE1728F625C2D9B000298FB6 /* LaunchScreen.storyboard in Resources */,
				EE1728F325C2D9B000298FB6 /* Assets.xcassets in Resources */,
				EE1728EE25C2D9A600298FB6 /* Main.storyboard in Resources */,
			);
			runOnlyForDeploymentPostprocessing = 0;
		};
		EE1728FA25C2D9B000298FB6 /* Resources */ = {
			isa = PBXResourcesBuildPhase;
			buildActionMask = 2147483647;
			files = (
			);
			runOnlyForDeploymentPostprocessing = 0;
		};
		EE17290525C2D9B100298FB6 /* Resources */ = {
			isa = PBXResourcesBuildPhase;
			buildActionMask = 2147483647;
			files = (
			);
			runOnlyForDeploymentPostprocessing = 0;
		};
/* End PBXResourcesBuildPhase section */

/* Begin PBXSourcesBuildPhase section */
		EE1728DF25C2D9A500298FB6 /* Sources */ = {
			isa = PBXSourcesBuildPhase;
			buildActionMask = 2147483647;
			files = (
				EE1728EB25C2D9A600298FB6 /* ViewController.swift in Sources */,
				EE1728E725C2D9A600298FB6 /* AppDelegate.swift in Sources */,
				EE1728F125C2D9A600298FB6 /* note_mohaliAle_iOS.xcdatamodeld in Sources */,
				EE1728E925C2D9A600298FB6 /* SceneDelegate.swift in Sources */,
			);
			runOnlyForDeploymentPostprocessing = 0;
		};
		EE1728F825C2D9B000298FB6 /* Sources */ = {
			isa = PBXSourcesBuildPhase;
			buildActionMask = 2147483647;
			files = (
				EE17290125C2D9B100298FB6 /* note_mohaliAle_iOSTests.swift in Sources */,
			);
			runOnlyForDeploymentPostprocessing = 0;
		};
		EE17290325C2D9B100298FB6 /* Sources */ = {
			isa = PBXSourcesBuildPhase;
			buildActionMask = 2147483647;
			files = (
				EE17290C25C2D9B100298FB6 /* note_mohaliAle_iOSUITests.swift in Sources */,
			);
			runOnlyForDeploymentPostprocessing = 0;
		};
/* End PBXSourcesBuildPhase section */

/* Begin PBXTargetDependency section */
		EE1728FE25C2D9B000298FB6 /* PBXTargetDependency */ = {
			isa = PBXTargetDependency;
			target = EE1728E225C2D9A500298FB6 /* note_mohaliAle_iOS */;
			targetProxy = EE1728FD25C2D9B000298FB6 /* PBXContainerItemProxy */;
		};
		EE17290925C2D9B100298FB6 /* PBXTargetDependency */ = {
			isa = PBXTargetDependency;
			target = EE1728E225C2D9A500298FB6 /* note_mohaliAle_iOS */;
			targetProxy = EE17290825C2D9B100298FB6 /* PBXContainerItemProxy */;
		};
/* End PBXTargetDependency section */

/* Begin PBXVariantGroup section */
		EE1728EC25C2D9A600298FB6 /* Main.storyboard */ = {
			isa = PBXVariantGroup;
			children = (
				EE1728ED25C2D9A600298FB6 /* Base */,
			);
			name = Main.storyboard;
			sourceTree = "<group>";
		};
		EE1728F425C2D9B000298FB6 /* LaunchScreen.storyboard */ = {
			isa = PBXVariantGroup;
			children = (
				EE1728F525C2D9B000298FB6 /* Base */,
			);
			name = LaunchScreen.storyboard;
			sourceTree = "<group>";
		};
/* End PBXVariantGroup section */

/* Begin XCBuildConfiguration section */
		EE17290E25C2D9B100298FB6 /* Debug */ = {
			isa = XCBuildConfiguration;
			buildSettings = {
				ALWAYS_SEARCH_USER_PATHS = NO;
				CLANG_ANALYZER_NONNULL = YES;
				CLANG_ANALYZER_NUMBER_OBJECT_CONVERSION = YES_AGGRESSIVE;
				CLANG_CXX_LANGUAGE_STANDARD = "gnu++14";
				CLANG_CXX_LIBRARY = "libc++";
				CLANG_ENABLE_MODULES = YES;
				CLANG_ENABLE_OBJC_ARC = YES;
				CLANG_ENABLE_OBJC_WEAK = YES;
				CLANG_WARN_BLOCK_CAPTURE_AUTORELEASING = YES;
				CLANG_WARN_BOOL_CONVERSION = YES;
				CLANG_WARN_COMMA = YES;
				CLANG_WARN_CONSTANT_CONVERSION = YES;
				CLANG_WARN_DEPRECATED_OBJC_IMPLEMENTATIONS = YES;
				CLANG_WARN_DIRECT_OBJC_ISA_USAGE = YES_ERROR;
				CLANG_WARN_DOCUMENTATION_COMMENTS = YES;
				CLANG_WARN_EMPTY_BODY = YES;
				CLANG_WARN_ENUM_CONVERSION = YES;
				CLANG_WARN_INFINITE_RECURSION = YES;
				CLANG_WARN_INT_CONVERSION = YES;
				CLANG_WARN_NON_LITERAL_NULL_CONVERSION = YES;
				CLANG_WARN_OBJC_IMPLICIT_RETAIN_SELF = YES;
				CLANG_WARN_OBJC_LITERAL_CONVERSION = YES;
				CLANG_WARN_OBJC_ROOT_CLASS = YES_ERROR;
				CLANG_WARN_RANGE_LOOP_ANALYSIS = YES;
				CLANG_WARN_STRICT_PROTOTYPES = YES;
				CLANG_WARN_SUSPICIOUS_MOVE = YES;
				CLANG_WARN_UNGUARDED_AVAILABILITY = YES_AGGRESSIVE;
				CLANG_WARN_UNREACHABLE_CODE = YES;
				CLANG_WARN__DUPLICATE_METHOD_MATCH = YES;
				COPY_PHASE_STRIP = NO;
				DEBUG_INFORMATION_FORMAT = dwarf;
				ENABLE_STRICT_OBJC_MSGSEND = YES;
				ENABLE_TESTABILITY = YES;
				GCC_C_LANGUAGE_STANDARD = gnu11;
				GCC_DYNAMIC_NO_PIC = NO;
				GCC_NO_COMMON_BLOCKS = YES;
				GCC_OPTIMIZATION_LEVEL = 0;
				GCC_PREPROCESSOR_DEFINITIONS = (
					"DEBUG=1",
					"$(inherited)",
				);
				GCC_WARN_64_TO_32_BIT_CONVERSION = YES;
				GCC_WARN_ABOUT_RETURN_TYPE = YES_ERROR;
				GCC_WARN_UNDECLARED_SELECTOR = YES;
				GCC_WARN_UNINITIALIZED_AUTOS = YES_AGGRESSIVE;
				GCC_WARN_UNUSED_FUNCTION = YES;
				GCC_WARN_UNUSED_VARIABLE = YES;
				IPHONEOS_DEPLOYMENT_TARGET = 13.2;
				MTL_ENABLE_DEBUG_INFO = INCLUDE_SOURCE;
				MTL_FAST_MATH = YES;
				ONLY_ACTIVE_ARCH = YES;
				SDKROOT = iphoneos;
				SWIFT_ACTIVE_COMPILATION_CONDITIONS = DEBUG;
				SWIFT_OPTIMIZATION_LEVEL = "-Onone";
			};
			name = Debug;
		};
		EE17290F25C2D9B100298FB6 /* Release */ = {
			isa = XCBuildConfiguration;
			buildSettings = {
				ALWAYS_SEARCH_USER_PATHS = NO;
				CLANG_ANALYZER_NONNULL = YES;
				CLANG_ANALYZER_NUMBER_OBJECT_CONVERSION = YES_AGGRESSIVE;
				CLANG_CXX_LANGUAGE_STANDARD = "gnu++14";
				CLANG_CXX_LIBRARY = "libc++";
				CLANG_ENABLE_MODULES = YES;
				CLANG_ENABLE_OBJC_ARC = YES;
				CLANG_ENABLE_OBJC_WEAK = YES;
				CLANG_WARN_BLOCK_CAPTURE_AUTORELEASING = YES;
				CLANG_WARN_BOOL_CONVERSION = YES;
				CLANG_WARN_COMMA = YES;
				CLANG_WARN_CONSTANT_CONVERSION = YES;
				CLANG_WARN_DEPRECATED_OBJC_IMPLEMENTATIONS = YES;
				CLANG_WARN_DIRECT_OBJC_ISA_USAGE = YES_ERROR;
				CLANG_WARN_DOCUMENTATION_COMMENTS = YES;
				CLANG_WARN_EMPTY_BODY = YES;
				CLANG_WARN_ENUM_CONVERSION = YES;
				CLANG_WARN_INFINITE_RECURSION = YES;
				CLANG_WARN_INT_CONVERSION = YES;
				CLANG_WARN_NON_LITERAL_NULL_CONVERSION = YES;
				CLANG_WARN_OBJC_IMPLICIT_RETAIN_SELF = YES;
				CLANG_WARN_OBJC_LITERAL_CONVERSION = YES;
				CLANG_WARN_OBJC_ROOT_CLASS = YES_ERROR;
				CLANG_WARN_RANGE_LOOP_ANALYSIS = YES;
				CLANG_WARN_STRICT_PROTOTYPES = YES;
				CLANG_WARN_SUSPICIOUS_MOVE = YES;
				CLANG_WARN_UNGUARDED_AVAILABILITY = YES_AGGRESSIVE;
				CLANG_WARN_UNREACHABLE_CODE = YES;
				CLANG_WARN__DUPLICATE_METHOD_MATCH = YES;
				COPY_PHASE_STRIP = NO;
				DEBUG_INFORMATION_FORMAT = "dwarf-with-dsym";
				ENABLE_NS_ASSERTIONS = NO;
				ENABLE_STRICT_OBJC_MSGSEND = YES;
				GCC_C_LANGUAGE_STANDARD = gnu11;
				GCC_NO_COMMON_BLOCKS = YES;
				GCC_WARN_64_TO_32_BIT_CONVERSION = YES;
				GCC_WARN_ABOUT_RETURN_TYPE = YES_ERROR;
				GCC_WARN_UNDECLARED_SELECTOR = YES;
				GCC_WARN_UNINITIALIZED_AUTOS = YES_AGGRESSIVE;
				GCC_WARN_UNUSED_FUNCTION = YES;
				GCC_WARN_UNUSED_VARIABLE = YES;
				IPHONEOS_DEPLOYMENT_TARGET = 13.2;
				MTL_ENABLE_DEBUG_INFO = NO;
				MTL_FAST_MATH = YES;
				SDKROOT = iphoneos;
				SWIFT_COMPILATION_MODE = wholemodule;
				SWIFT_OPTIMIZATION_LEVEL = "-O";
				VALIDATE_PRODUCT = YES;
			};
			name = Release;
		};
		EE17291125C2D9B100298FB6 /* Debug */ = {
			isa = XCBuildConfiguration;
			buildSettings = {
				ASSETCATALOG_COMPILER_APPICON_NAME = AppIcon;
				CODE_SIGN_STYLE = Automatic;
				INFOPLIST_FILE = note_mohaliAle_iOS/Info.plist;
				LD_RUNPATH_SEARCH_PATHS = (
					"$(inherited)",
					"@executable_path/Frameworks",
				);
				PRODUCT_BUNDLE_IDENTIFIER = "com.Amar.note-mohaliAle-iOS";
				PRODUCT_NAME = "$(TARGET_NAME)";
				SWIFT_VERSION = 5.0;
				TARGETED_DEVICE_FAMILY = "1,2";
			};
			name = Debug;
		};
		EE17291225C2D9B100298FB6 /* Release */ = {
			isa = XCBuildConfiguration;
			buildSettings = {
				ASSETCATALOG_COMPILER_APPICON_NAME = AppIcon;
				CODE_SIGN_STYLE = Automatic;
				INFOPLIST_FILE = note_mohaliAle_iOS/Info.plist;
				LD_RUNPATH_SEARCH_PATHS = (
					"$(inherited)",
					"@executable_path/Frameworks",
				);
				PRODUCT_BUNDLE_IDENTIFIER = "com.Amar.note-mohaliAle-iOS";
				PRODUCT_NAME = "$(TARGET_NAME)";
				SWIFT_VERSION = 5.0;
				TARGETED_DEVICE_FAMILY = "1,2";
			};
			name = Release;
		};
		EE17291425C2D9B100298FB6 /* Debug */ = {
			isa = XCBuildConfiguration;
			buildSettings = {
				ALWAYS_EMBED_SWIFT_STANDARD_LIBRARIES = YES;
				BUNDLE_LOADER = "$(TEST_HOST)";
				CODE_SIGN_STYLE = Automatic;
				INFOPLIST_FILE = note_mohaliAle_iOSTests/Info.plist;
				IPHONEOS_DEPLOYMENT_TARGET = 13.2;
				LD_RUNPATH_SEARCH_PATHS = (
					"$(inherited)",
					"@executable_path/Frameworks",
					"@loader_path/Frameworks",
				);
				PRODUCT_BUNDLE_IDENTIFIER = "com.Amar.note-mohaliAle-iOSTests";
				PRODUCT_NAME = "$(TARGET_NAME)";
				SWIFT_VERSION = 5.0;
				TARGETED_DEVICE_FAMILY = "1,2";
				TEST_HOST = "$(BUILT_PRODUCTS_DIR)/note_mohaliAle_iOS.app/note_mohaliAle_iOS";
			};
			name = Debug;
		};
		EE17291525C2D9B100298FB6 /* Release */ = {
			isa = XCBuildConfiguration;
			buildSettings = {
				ALWAYS_EMBED_SWIFT_STANDARD_LIBRARIES = YES;
				BUNDLE_LOADER = "$(TEST_HOST)";
				CODE_SIGN_STYLE = Automatic;
				INFOPLIST_FILE = note_mohaliAle_iOSTests/Info.plist;
				IPHONEOS_DEPLOYMENT_TARGET = 13.2;
				LD_RUNPATH_SEARCH_PATHS = (
					"$(inherited)",
					"@executable_path/Frameworks",
					"@loader_path/Frameworks",
				);
				PRODUCT_BUNDLE_IDENTIFIER = "com.Amar.note-mohaliAle-iOSTests";
				PRODUCT_NAME = "$(TARGET_NAME)";
				SWIFT_VERSION = 5.0;
				TARGETED_DEVICE_FAMILY = "1,2";
				TEST_HOST = "$(BUILT_PRODUCTS_DIR)/note_mohaliAle_iOS.app/note_mohaliAle_iOS";
			};
			name = Release;
		};
		EE17291725C2D9B100298FB6 /* Debug */ = {
			isa = XCBuildConfiguration;
			buildSettings = {
				ALWAYS_EMBED_SWIFT_STANDARD_LIBRARIES = YES;
				CODE_SIGN_STYLE = Automatic;
				INFOPLIST_FILE = note_mohaliAle_iOSUITests/Info.plist;
				LD_RUNPATH_SEARCH_PATHS = (
					"$(inherited)",
					"@executable_path/Frameworks",
					"@loader_path/Frameworks",
				);
				PRODUCT_BUNDLE_IDENTIFIER = "com.Amar.note-mohaliAle-iOSUITests";
				PRODUCT_NAME = "$(TARGET_NAME)";
				SWIFT_VERSION = 5.0;
				TARGETED_DEVICE_FAMILY = "1,2";
				TEST_TARGET_NAME = note_mohaliAle_iOS;
			};
			name = Debug;
		};
		EE17291825C2D9B100298FB6 /* Release */ = {
			isa = XCBuildConfiguration;
			buildSettings = {
				ALWAYS_EMBED_SWIFT_STANDARD_LIBRARIES = YES;
				CODE_SIGN_STYLE = Automatic;
				INFOPLIST_FILE = note_mohaliAle_iOSUITests/Info.plist;
				LD_RUNPATH_SEARCH_PATHS = (
					"$(inherited)",
					"@executable_path/Frameworks",
					"@loader_path/Frameworks",
				);
				PRODUCT_BUNDLE_IDENTIFIER = "com.Amar.note-mohaliAle-iOSUITests";
				PRODUCT_NAME = "$(TARGET_NAME)";
				SWIFT_VERSION = 5.0;
				TARGETED_DEVICE_FAMILY = "1,2";
				TEST_TARGET_NAME = note_mohaliAle_iOS;
			};
			name = Release;
		};
/* End XCBuildConfiguration section */

/* Begin XCConfigurationList section */
		EE1728DE25C2D9A500298FB6 /* Build configuration list for PBXProject "note_mohaliAle_iOS" */ = {
			isa = XCConfigurationList;
			buildConfigurations = (
				EE17290E25C2D9B100298FB6 /* Debug */,
				EE17290F25C2D9B100298FB6 /* Release */,
			);
			defaultConfigurationIsVisible = 0;
			defaultConfigurationName = Release;
		};
		EE17291025C2D9B100298FB6 /* Build configuration list for PBXNativeTarget "note_mohaliAle_iOS" */ = {
			isa = XCConfigurationList;
			buildConfigurations = (
				EE17291125C2D9B100298FB6 /* Debug */,
				EE17291225C2D9B100298FB6 /* Release */,
			);
			defaultConfigurationIsVisible = 0;
			defaultConfigurationName = Release;
		};
		EE17291325C2D9B100298FB6 /* Build configuration list for PBXNativeTarget "note_mohaliAle_iOSTests" */ = {
			isa = XCConfigurationList;
			buildConfigurations = (
				EE17291425C2D9B100298FB6 /* Debug */,
				EE17291525C2D9B100298FB6 /* Release */,
			);
			defaultConfigurationIsVisible = 0;
			defaultConfigurationName = Release;
		};
		EE17291625C2D9B100298FB6 /* Build configuration list for PBXNativeTarget "note_mohaliAle_iOSUITests" */ = {
			isa = XCConfigurationList;
			buildConfigurations = (
				EE17291725C2D9B100298FB6 /* Debug */,
				EE17291825C2D9B100298FB6 /* Release */,
			);
			defaultConfigurationIsVisible = 0;
			defaultConfigurationName = Release;
		};
/* End XCConfigurationList section */

/* Begin XCVersionGroup section */
		EE1728EF25C2D9A600298FB6 /* note_mohaliAle_iOS.xcdatamodeld */ = {
			isa = XCVersionGroup;
			children = (
				EE1728F025C2D9A600298FB6 /* note_mohaliAle_iOS.xcdatamodel */,
			);
			currentVersion = EE1728F025C2D9A600298FB6 /* note_mohaliAle_iOS.xcdatamodel */;
			path = note_mohaliAle_iOS.xcdatamodeld;
			sourceTree = "<group>";
			versionGroupType = wrapper.xcdatamodel;
		};
/* End XCVersionGroup section */
	};
	rootObject = EE1728DB25C2D9A500298FB6 /* Project object */;
}
